{
  "version": 2,
  "dependencies": {
    "net10.0": {
      "CliWrap": {
        "type": "Direct",
        "requested": "[3.10.1, )",
        "resolved": "3.10.1",
        "contentHash": "C+WzXwzpQsJVNqvuh19ZO/bw/vR43L+DC/CmvK+PATUBkail2AWYE6an17dOGgWaVGzF9sU28YwRwfNfkPrQdg=="
      },
      "Microsoft.Extensions.Logging.Console": {
        "type": "Direct",
        "requested": "[10.0.7, )",
        "resolved": "10.0.7",
        "contentHash": "DA++Es6v6W0HfrOrw+K8WyN6jNnZHp640PDdEvl8yfeVmgflKdn6vSSFvufNUSOuY+M2ZaSUgfY+jUKtNpXcCw==",
        "dependencies": {
          "Microsoft.Extensions.DependencyInjection.Abstractions": "10.0.7",
          "Microsoft.Extensions.Logging": "10.0.7",
          "Microsoft.Extensions.Logging.Abstractions": "10.0.7",
          "Microsoft.Extensions.Logging.Configuration": "10.0.7",
          "Microsoft.Extensions.Options": "10.0.7"
        }
      },
      "Microsoft.SourceLink.GitHub": {
        "type": "Direct",
        "requested": "[10.0.203, )",
        "resolved": "10.0.203",
        "contentHash": "R4Tvr1oACImMS+Y5M7NM07ll9QyJSKnki3Dvz8QwG1W6FEmd+9fmZXAF6BE6UPswHF6n0v41wgMQGlaudOspqA==",
        "dependencies": {
          "Microsoft.Build.Tasks.Git": "10.0.203",
          "Microsoft.SourceLink.Common": "10.0.203",
          "System.IO.Hashing": "10.0.7"
        }
      },
      "MinVer": {
        "type": "Direct",
        "requested": "[7.0.0, )",
        "resolved": "7.0.0",
        "contentHash": "2lMTCQl5bGP4iv0JNkockPnyllC6eHLz+CoK2ICvalvHod+exXSxueu9hq+zNkU7bZBJf8wMfeRC/Edn8AGmEg=="
      },
      "Spectre.Console.Cli": {
        "type": "Direct",
        "requested": "[0.55.0, )",
        "resolved": "0.55.0",
        "contentHash": "cFJTB1te4eaAICd4Zp+8T/kiRn1ikQxgGqmoNarb1qoQ/7LzHAvVQ62x5U9GW3E0QI7sZLcXIIoq4CpqgTx42Q==",
        "dependencies": {
          "Spectre.Console": "0.55.0"
        }
      },
      "Microsoft.Build.Tasks.Git": {
        "type": "Transitive",
        "resolved": "10.0.203",
        "contentHash": "m56WtzvIcL6t7JR3c7ogYitHizNM2QnRSo8yqxrQi+m5E/GGyDEmqymP+2p6YsFXn0j/Tzz67s4FQnrTLC7GKQ==",
        "dependencies": {
          "System.IO.Hashing": "10.0.7"
        }
      },
      "Microsoft.Extensions.Caching.Abstractions": {
        "type": "Transitive",
        "resolved": "3.1.8",
        "contentHash": "iBIdKjKa2nR4LdknV2JMSRpJVM5TOca25EckPm6SZQT6HfH8RoHrn9m14GUAkvzE+uOziXRoAwr8YIC6ZOpyXg==",
        "dependencies": {
          "Microsoft.Extensions.Primitives": "3.1.8"
        }
      },
      "Microsoft.Extensions.Caching.Memory": {
        "type": "Transitive",
        "resolved": "3.1.8",
        "contentHash": "u04q7+tgc8l6pQ5HOcr6scgapkQQHnrhpGoCaaAZd24R36/NxGsGxuhSmhHOrQx9CsBLe2CVBN/4CkLlxtnnXw==",
        "dependencies": {
          "Microsoft.Extensions.Caching.Abstractions": "3.1.8",
          "Microsoft.Extensions.DependencyInjection.Abstractions": "3.1.8",
          "Microsoft.Extensions.Logging.Abstractions": "3.1.8",
          "Microsoft.Extensions.Options": "3.1.8"
        }
      },
      "Microsoft.Extensions.Configuration": {
        "type": "Transitive",
        "resolved": "10.0.7",
        "contentHash": "wZbGh7J8R1vXN525O6d8dlcDTxhRTnd5MyW4LdfP5S0tSnTwTCseYSrq6g0Mxh7W9xn8P/2xPuf0D/m6k2dy2w==",
        "dependencies": {
          "Microsoft.Extensions.Configuration.Abstractions": "10.0.7",
          "Microsoft.Extensions.Primitives": "10.0.7"
        }
      },
      "Microsoft.Extensions.Configuration.Abstractions": {
        "type": "Transitive",
        "resolved": "10.0.7",
        "contentHash": "t56nEgvECcyLPojZIUFWJknQQDAbgfTf9J+QMYJE1YYvVgz69vN6B/AKL8Grvj3Lcnp8kTpNqwmwFhb3YLJmtQ==",
        "dependencies": {
          "Microsoft.Extensions.Primitives": "10.0.7"
        }
      },
      "Microsoft.Extensions.Configuration.Binder": {
        "type": "Transitive",
        "resolved": "10.0.7",
        "contentHash": "8bS1qIaRivny+WX+49pmeJ6iAylbtX8C0DLEcCQWZjdxQvLqaMssXiGD9P/6pYElrHbK5/nAHmjbQ8STqdMYeg==",
        "dependencies": {
          "Microsoft.Extensions.Configuration": "10.0.7",
          "Microsoft.Extensions.Configuration.Abstractions": "10.0.7"
        }
      },
      "Microsoft.Extensions.DependencyInjection": {
        "type": "Transitive",
        "resolved": "10.0.7",
        "contentHash": "91F/o3emPV/+xY/ip3s2LqDNF14kjttlVtq0BXgg6p4MnCzeSZxnUJm+t6WRrtD3JdGo88/oX+z7OwK4y8PZuw==",
        "dependencies": {
          "Microsoft.Extensions.DependencyInjection.Abstractions": "10.0.7"
        }
      },
      "Microsoft.Extensions.DependencyInjection.Abstractions": {
        "type": "Transitive",
        "resolved": "10.0.7",
        "contentHash": "Z6mfFEaFcwCfSboxJwOLfu7/31npCY9q70WUamHW/vRQhDvBKOT4Vf9YkZj5J6hLvJpb0oDEYfHunQZj0xxvKw=="
      },
      "Microsoft.Extensions.Http": {
        "type": "Transitive",
        "resolved": "3.1.8",
        "contentHash": "GRkzBs2wJG6jTGqRrT8l/Sqk4MiO0yQltiekDNw/X7L2l5/gKSud/6Vcjb9b5SPtgn6lxcn8qCmfDtk2kP/cOw==",
        "dependencies": {
          "Microsoft.Extensions.DependencyInjection.Abstractions": "3.1.8",
          "Microsoft.Extensions.Logging": "3.1.8",
          "Microsoft.Extensions.Options": "3.1.8"
        }
      },
      "Microsoft.Extensions.Logging": {
        "type": "Transitive",
        "resolved": "10.0.7",
        "contentHash": "hOeRIQ63GkgiYCB/MIFp+LQs8aXpJXpB55t6Aj37ab7t2/6WeFcPXxYM9hdy/o5tffzwf8mhqzLJP6mjGYCxjw==",
        "dependencies": {
          "Microsoft.Extensions.DependencyInjection": "10.0.7",
          "Microsoft.Extensions.Logging.Abstractions": "10.0.7",
          "Microsoft.Extensions.Options": "10.0.7"
        }
      },
      "Microsoft.Extensions.Logging.Abstractions": {
        "type": "Transitive",
        "resolved": "10.0.7",
        "contentHash": "tIEcQ2gvERrH2KiCjdsVcHGhXt9lIsuDStfOIeZWr7/fP8IXhGiYfx0/80PNI7WPO2IYuFtlZLSlnTS8+/Mchw==",
        "dependencies": {
          "Microsoft.Extensions.DependencyInjection.Abstractions": "10.0.7"
        }
      },
      "Microsoft.Extensions.Logging.Configuration": {
        "type": "Transitive",
        "resolved": "10.0.7",
        "contentHash": "7BBnoGF37USiu7j434put9mDp7EjdlNDIZsR4vHfC1FbLZeLqiWjgJbeEtF0p59Ryqt8AtraHawf0ZKbe5jibg==",
        "dependencies": {
          "Microsoft.Extensions.Configuration": "10.0.7",
          "Microsoft.Extensions.Configuration.Abstractions": "10.0.7",
          "Microsoft.Extensions.Configuration.Binder": "10.0.7",
          "Microsoft.Extensions.DependencyInjection.Abstractions": "10.0.7",
          "Microsoft.Extensions.Logging": "10.0.7",
          "Microsoft.Extensions.Logging.Abstractions": "10.0.7",
          "Microsoft.Extensions.Options": "10.0.7",
          "Microsoft.Extensions.Options.ConfigurationExtensions": "10.0.7"
        }
      },
      "Microsoft.Extensions.ObjectPool": {
        "type": "Transitive",
        "resolved": "8.0.10",
        "contentHash": "u7gAG7JgxF8VSJUGPSudAcPxOt+ymJKQCSxNRxiuKV+klCQbHljQR75SilpedCTfhPWDhtUwIJpnDVtspr9nMg=="
      },
      "Microsoft.Extensions.Options": {
        "type": "Transitive",
        "resolved": "10.0.7",
        "contentHash": "00SHUGTh2jSMvIr6x9Xwd2nE+B5/qFCO/9hDwUDhJsjYRDlADmaBZ7tqehXzBDsfjHSXJzuRHJzPYPPjphBQ7Q==",
        "dependencies": {
          "Microsoft.Extensions.DependencyInjection.Abstractions": "10.0.7",
          "Microsoft.Extensions.Primitives": "10.0.7"
        }
      },
      "Microsoft.Extensions.Options.ConfigurationExtensions": {
        "type": "Transitive",
        "resolved": "10.0.7",
        "contentHash": "IT7f+EMXZtkjatEcF+o6aOw/7OE4etRrMiDGEWH/iiTu2R3uhC4NEQJCfHiibtX45U3sIQ5Fh6tbb1qaOz3YAg==",
        "dependencies": {
          "Microsoft.Extensions.Configuration.Abstractions": "10.0.7",
          "Microsoft.Extensions.Configuration.Binder": "10.0.7",
          "Microsoft.Extensions.DependencyInjection.Abstractions": "10.0.7",
          "Microsoft.Extensions.Options": "10.0.7",
          "Microsoft.Extensions.Primitives": "10.0.7"
        }
      },
      "Microsoft.Extensions.Primitives": {
        "type": "Transitive",
        "resolved": "10.0.7",
        "contentHash": "D5M0Jr551iTgwkZMN9rm0pSkgNLj5quUWQUmQPMZh7k/bnvZTnXRGfE2KuvXf1EEjt/ofD9yw9IumpgdP9QCnw=="
      },
      "Microsoft.Identity.Client": {
        "type": "Transitive",
        "resolved": "4.66.1",
        "contentHash": "mE+m3pZ7zSKocSubKXxwZcUrCzLflC86IdLxrVjS8tialy0b1L+aECBqRBC/ykcPlB4y7skg49TaTiA+O2UfDw==",
        "dependencies": {
          "Microsoft.IdentityModel.Abstractions": "6.35.0"
        }
      },
      "Microsoft.Identity.Client.Extensions.Msal": {
        "type": "Transitive",
        "resolved": "4.66.1",
        "contentHash": "osgt1J9Rve3LO7wXqpWoFx9UFjl0oeqoUMK/xEru7dvafQ28RgV1A17CoCGCCRSUbgDQ4Arg5FgGK2lQ3lXR4A==",
        "dependencies": {
          "Microsoft.Identity.Client": "4.66.1",
          "System.Security.Cryptography.ProtectedData": "4.5.0"
        }
      },
      "Microsoft.IdentityModel.Abstractions": {
        "type": "Transitive",
        "resolved": "6.35.0",
        "contentHash": "xuR8E4Rd96M41CnUSCiOJ2DBh+z+zQSmyrYHdYhD6K4fXBcQGVnRCFQ0efROUYpP+p0zC1BLKr0JRpVuujTZSg=="
      },
      "Microsoft.SourceLink.Common": {
        "type": "Transitive",
        "resolved": "10.0.203",
        "contentHash": "QYAnhBCOkT3ZUT/fHag11+bamwlbZ3U9Vi/WfKrD9emdUf1t3aqjWv0V2KtEGHSRSC81aBc8Oy/mvyGpEYd9Pg=="
      },
      "Microsoft.Win32.SystemEvents": {
        "type": "Transitive",
        "resolved": "6.0.0",
        "contentHash": "hqTM5628jSsQiv+HGpiq3WKBl2c8v1KZfby2J6Pr7pEPlK9waPdgEO6b8A/+/xn/yZ9ulv8HuqK71ONy2tg67A=="
      },
      "Newtonsoft.Json": {
        "type": "Transitive",
        "resolved": "13.0.1",
        "contentHash": "ppPFpBcvxdsfUonNcvITKqLl3bqxWbDCZIzDWHzjpdAHRFfZe0Dw9HmA0+za13IdyrgJwpkDTDA9fHaxOrt20A=="
      },
      "Spectre.Console": {
        "type": "Transitive",
        "resolved": "0.55.0",
        "contentHash": "2TVhUHFsDux0Z+y2Hv4bFsOMuON4SuotEEKkMparFkp5Rm259naaaEQrN4Sv6C1cbsiGKPjfkJDGgUp+hZPjTw==",
        "dependencies": {
          "Spectre.Console.Ansi": "0.55.0"
        }
      },
      "Spectre.Console.Ansi": {
        "type": "Transitive",
        "resolved": "0.55.0",
        "contentHash": "GIfgOvuF8MpU52bprhwtDEtx0gmVIGOepM8bw0lH/TSMD0rg1Xp+5Y53kPG8rFVdcpbNANlhDQ5mEVVPO3/2Tg=="
      },
      "System.Configuration.ConfigurationManager": {
        "type": "Transitive",
        "resolved": "6.0.0",
        "contentHash": "7T+m0kDSlIPTHIkPMIu6m6tV6qsMqJpvQWW2jIc2qi7sn40qxFo0q+7mEQAhMPXZHMKnWrnv47ntGlM/ejvw3g==",
        "dependencies": {
          "System.Security.Cryptography.ProtectedData": "6.0.0",
          "System.Security.Permissions": "6.0.0"
        }
      },
      "System.Drawing.Common": {
        "type": "Transitive",
        "resolved": "6.0.0",
        "contentHash": "NfuoKUiP2nUWwKZN6twGqXioIe1zVD0RIj2t976A+czLHr2nY454RwwXs6JU9Htc6mwqL6Dn/nEL3dpVf2jOhg==",
        "dependencies": {
          "Microsoft.Win32.SystemEvents": "6.0.0"
        }
      },
      "System.IO.Hashing": {
        "type": "Transitive",
        "resolved": "10.0.7",
        "contentHash": "6hsjdSr4VOXSOnhALkYplHpAxnTG1J33YN42IB6nH2fEg4QnJqrZ4Ft+qn7mkrKAOYC8pCSFYwVWw6rQbmwgLQ=="
      },
      "System.Reflection.TypeExtensions": {
        "type": "Transitive",
        "resolved": "4.7.0",
        "contentHash": "VybpaOQQhqE6siHppMktjfGBw1GCwvCqiufqmP8F1nj7fTUNtW35LOEt3UZTEsECfo+ELAl/9o9nJx3U91i7vA=="
      },
      "System.Runtime.Caching": {
        "type": "Transitive",
        "resolved": "4.7.0",
        "contentHash": "NdvNRjTPxYvIEhXQszT9L9vJhdQoX6AQ0AlhjTU+5NqFQVuacJTfhPVAvtGWNA2OJCqRiR/okBcZgMwI6MqcZg==",
        "dependencies": {
          "System.Configuration.ConfigurationManager": "4.7.0"
        }
      },
      "System.Security.Cryptography.Pkcs": {
        "type": "Transitive",
        "resolved": "8.0.1",
        "contentHash": "CoCRHFym33aUSf/NtWSVSZa99dkd0Hm7OCZUxORBjRB16LNhIEOf8THPqzIYlvKM0nNDAPTRBa1FxEECrgaxxA=="
      },
      "System.Security.Cryptography.ProtectedData": {
        "type": "Transitive",
        "resolved": "6.0.0",
        "contentHash": "rp1gMNEZpvx9vP0JW0oHLxlf8oSiQgtno77Y4PLUBjSiDYoD77Y8uXHr1Ea5XG4/pIKhqAdxZ8v8OTUtqo9PeQ=="
      },
      "System.Security.Cryptography.Xml": {
        "type": "Transitive",
        "resolved": "8.0.2",
        "contentHash": "aDM/wm0ZGEZ6ZYJLzgqjp2FZdHbDHh6/OmpGfb7AdZ105zYmPn/83JRU2xLIbwgoNz9U1SLUTJN0v5th3qmvjA==",
        "dependencies": {
          "System.Security.Cryptography.Pkcs": "8.0.1"
        }
      },
      "System.Security.Permissions": {
        "type": "Transitive",
        "resolved": "6.0.0",
        "contentHash": "T/uuc7AklkDoxmcJ7LGkyX1CcSviZuLCa4jg3PekfJ7SU0niF0IVTXwUiNVP9DSpzou2PpxJ+eNY2IfDM90ZCg==",
        "dependencies": {
          "System.Windows.Extensions": "6.0.0"
        }
      },
      "System.ServiceModel.Http": {
        "type": "Transitive",
        "resolved": "8.1.2",
        "contentHash": "2HoneRUCHB8kKQcuAladR16mIHuyi5f9DrrNnTjkaICv5X7YuwoI7GSrp9GTkRSxC4ddNcjMdwE01Rm0sPgoMw==",
        "dependencies": {
          "System.ServiceModel.Primitives": "8.1.2"
        }
      },
      "System.ServiceModel.Primitives": {
        "type": "Transitive",
        "resolved": "8.1.2",
        "contentHash": "xlJ07FAUSDjPL/GhvVY1/KVPWn2ce056X4nHPwqAa5rkNLiNN5rqh6VcgMUoF6J7ckwhkVJ1vVx/K/47nyyR9g==",
        "dependencies": {
          "Microsoft.Extensions.ObjectPool": "8.0.10",
          "System.Security.Cryptography.Xml": "8.0.2"
        }
      },
      "System.Windows.Extensions": {
        "type": "Transitive",
        "resolved": "6.0.0",
        "contentHash": "IXoJOXIqc39AIe+CIR7koBtRGMiCt/LPM3lI+PELtDIy9XdyeSrwXFdWV9dzJ2Awl0paLWUaknLxFQ5HpHZUog==",
        "dependencies": {
          "System.Drawing.Common": "6.0.0"
        }
      },
      "flowline.attributes": {
        "type": "Project"
      },
      "flowline.core": {
        "type": "Project",
        "dependencies": {
          "Flowline.Attributes": "[1.0.0, )",
          "Microsoft.PowerPlatform.Dataverse.Client": "[1.2.10, )",
          "System.Reflection.MetadataLoadContext": "[10.0.7, )"
        }
      },
      "Microsoft.PowerPlatform.Dataverse.Client": {
        "type": "CentralTransitive",
        "requested": "[1.2.10, )",
        "resolved": "1.2.10",
        "contentHash": "xfDmNDWeje1Vc17GHCDfymXe2sL6sz2NlyZfCmz0KOPT8353QLc+FrNt85+lfEx7NIbpYuw1ZzOYOeDFu8doEw==",
        "dependencies": {
          "Microsoft.Extensions.Caching.Memory": "3.1.8",
          "Microsoft.Extensions.DependencyInjection": "3.1.8",
          "Microsoft.Extensions.Http": "3.1.8",
          "Microsoft.Extensions.Logging": "3.1.8",
          "Microsoft.Identity.Client": "4.66.1",
          "Microsoft.Identity.Client.Extensions.Msal": "4.66.1",
          "Newtonsoft.Json": "13.0.1",
          "System.Configuration.ConfigurationManager": "6.0.0",
          "System.Reflection.TypeExtensions": "4.7.0",
          "System.Runtime.Caching": "4.7.0",
          "System.Security.Permissions": "6.0.0",
          "System.ServiceModel.Http": "8.1.2",
          "System.ServiceModel.Primitives": "8.1.2"
        }
      },
      "System.Reflection.MetadataLoadContext": {
        "type": "CentralTransitive",
        "requested": "[10.0.7, )",
        "resolved": "10.0.7",
        "contentHash": "XDkKntYPUaANhLVdo7AHbrJ+QbUAY5u/T7lG5rHSx5kLxeHceoc3JcIMVAc/vZT+3rbwFYlrdnikxdi6G+2nvA=="
      }
    }
  }
}